
Microsoft Visual Studio Solution File, Format Version 12.00
# Visual Studio 14
VisualStudioVersion = 14.0.25123.0
MinimumVisualStudioVersion = 10.0.40219.1
Project("{FAE04EC0-301F-11D3-BF4B-00C04F79EFBC}") = "ServantClientBook", "ServantClientBook\ServantClientBook.csproj", "{BDDD11CC-1EE6-4467-B5C5-CDA6C566D7CA}"
EndProject
Project("{FAE04EC0-301F-11D3-BF4B-00C04F79EFBC}") = "Test", "ConsoleApplication1\Test.csproj", "{C35BB35E-7A47-46D1-A99B-A63AB5AF05FD}"
EndProject
Global
	GlobalSection(SolutionConfigurationPlatforms) = preSolution
		Debug|Any CPU = Debug|Any CPU
		Release|Any CPU = Release|Any CPU
	EndGlobalSection
	GlobalSection(ProjectConfigurationPlatforms) = postSolution
		{BDDD11CC-1EE6-4467-B5C5-CDA6C566D7CA}.Debug|Any CPU.ActiveCfg = Debug|Any CPU
		{BDDD11CC-1EE6-4467-B5C5-CDA6C566D7CA}.Debug|Any CPU.Build.0 = Debug|Any CPU
		{BDDD11CC-1EE6-4467-B5C5-CDA6C566D7CA}.Release|Any CPU.ActiveCfg = Release|Any CPU
		{BDDD11CC-1EE6-4467-B5C5-CDA6C566D7CA}.Release|Any CPU.Build.0 = Release|Any CPU
		{C35BB35E-7A47-46D1-A99B-A63AB5AF05FD}.Debug|Any CPU.ActiveCfg = Debug|Any CPU
		{C35BB35E-7A47-46D1-A99B-A63AB5AF05FD}.Debug|Any CPU.Build.0 = Debug|Any CPU
		{C35BB35E-7A47-46D1-A99B-A63AB5AF05FD}.Release|Any CPU.ActiveCfg = Release|Any CPU
		{C35BB35E-7A47-46D1-A99B-A63AB5AF05FD}.Release|Any CPU.Build.0 = Release|Any CPU
	EndGlobalSection
	GlobalSection(SolutionProperties) = preSolution
		HideSolutionNode = FALSE
	EndGlobalSection
EndGlobal
